
Microsoft Visual Studio Solution File, Format Version 12.00
# Visual Studio Version 17
VisualStudioVersion = 17.14.36511.14
MinimumVisualStudioVersion = 10.0.40219.1
Project("{2150E333-8FDC-42A3-9474-1A3956D46DE8}") = "API", "API", "{02EA681E-C7D8-13C7-8484-4AC65E1B71E8}"
EndProject
Project("{2150E333-8FDC-42A3-9474-1A3956D46DE8}") = "Core", "Core", "{64458BD5-E8B7-4AE2-8FF9-785782C50029}"
EndProject
Project("{2150E333-8FDC-42A3-9474-1A3956D46DE8}") = "Infraestructura", "Infraestructura", "{AEB2DAC8-4561-44FE-998E-675415DE5A0A}"
EndProject
Project("{2150E333-8FDC-42A3-9474-1A3956D46DE8}") = "Pruebas", "Pruebas", "{85841D3C-17F4-4EF9-BFA5-D72D0FEEB08E}"
EndProject
Project("{FAE04EC0-301F-11D3-BF4B-00C04F79EFBC}") = "DientesLimpios.Dominio", "DientesLimpios.Dominio\DientesLimpios.Dominio.csproj", "{B6FEC89B-38A1-4A29-8FE6-FB83AF975729}"
EndProject
Project("{FAE04EC0-301F-11D3-BF4B-00C04F79EFBC}") = "DientesLimpios.Pruebas", "DientesLimpios.Pruebas\DientesLimpios.Pruebas.csproj", "{6F14478B-5407-421F-96EB-DA2F2C41C0C0}"
EndProject
Project("{FAE04EC0-301F-11D3-BF4B-00C04F79EFBC}") = "DientesLimpios.Aplicacion", "DientesLimpios.Aplicacion\DientesLimpios.Aplicacion.csproj", "{5409CBF0-3414-4509-B8E2-4B2DA6F47167}"
EndProject
Project("{FAE04EC0-301F-11D3-BF4B-00C04F79EFBC}") = "DientesLimpios.Persistencia", "DientesLimpios.Persistencia\DientesLimpios.Persistencia.csproj", "{62D1289D-74CE-48FB-9595-E91B6E85F54D}"
EndProject
Project("{FAE04EC0-301F-11D3-BF4B-00C04F79EFBC}") = "DientesLimpios.API", "DientesLimpios.API\DientesLimpios.API.csproj", "{63339477-4A3A-4361-8EC1-3976CEC12AAB}"
EndProject
Global
	GlobalSection(SolutionConfigurationPlatforms) = preSolution
		Debug|Any CPU = Debug|Any CPU
		Release|Any CPU = Release|Any CPU
	EndGlobalSection
	GlobalSection(ProjectConfigurationPlatforms) = postSolution
		{B6FEC89B-38A1-4A29-8FE6-FB83AF975729}.Debug|Any CPU.ActiveCfg = Debug|Any CPU
		{B6FEC89B-38A1-4A29-8FE6-FB83AF975729}.Debug|Any CPU.Build.0 = Debug|Any CPU
		{B6FEC89B-38A1-4A29-8FE6-FB83AF975729}.Release|Any CPU.ActiveCfg = Release|Any CPU
		{B6FEC89B-38A1-4A29-8FE6-FB83AF975729}.Release|Any CPU.Build.0 = Release|Any CPU
		{6F14478B-5407-421F-96EB-DA2F2C41C0C0}.Debug|Any CPU.ActiveCfg = Debug|Any CPU
		{6F14478B-5407-421F-96EB-DA2F2C41C0C0}.Debug|Any CPU.Build.0 = Debug|Any CPU
		{6F14478B-5407-421F-96EB-DA2F2C41C0C0}.Release|Any CPU.ActiveCfg = Release|Any CPU
		{6F14478B-5407-421F-96EB-DA2F2C41C0C0}.Release|Any CPU.Build.0 = Release|Any CPU
		{5409CBF0-3414-4509-B8E2-4B2DA6F47167}.Debug|Any CPU.ActiveCfg = Debug|Any CPU
		{5409CBF0-3414-4509-B8E2-4B2DA6F47167}.Debug|Any CPU.Build.0 = Debug|Any CPU
		{5409CBF0-3414-4509-B8E2-4B2DA6F47167}.Release|Any CPU.ActiveCfg = Release|Any CPU
		{5409CBF0-3414-4509-B8E2-4B2DA6F47167}.Release|Any CPU.Build.0 = Release|Any CPU
		{62D1289D-74CE-48FB-9595-E91B6E85F54D}.Debug|Any CPU.ActiveCfg = Debug|Any CPU
		{62D1289D-74CE-48FB-9595-E91B6E85F54D}.Debug|Any CPU.Build.0 = Debug|Any CPU
		{62D1289D-74CE-48FB-9595-E91B6E85F54D}.Release|Any CPU.ActiveCfg = Release|Any CPU
		{62D1289D-74CE-48FB-9595-E91B6E85F54D}.Release|Any CPU.Build.0 = Release|Any CPU
		{63339477-4A3A-4361-8EC1-3976CEC12AAB}.Debug|Any CPU.ActiveCfg = Debug|Any CPU
		{63339477-4A3A-4361-8EC1-3976CEC12AAB}.Debug|Any CPU.Build.0 = Debug|Any CPU
		{63339477-4A3A-4361-8EC1-3976CEC12AAB}.Release|Any CPU.ActiveCfg = Release|Any CPU
		{63339477-4A3A-4361-8EC1-3976CEC12AAB}.Release|Any CPU.Build.0 = Release|Any CPU
	EndGlobalSection
	GlobalSection(SolutionProperties) = preSolution
		HideSolutionNode = FALSE
	EndGlobalSection
	GlobalSection(NestedProjects) = preSolution
		{B6FEC89B-38A1-4A29-8FE6-FB83AF975729} = {64458BD5-E8B7-4AE2-8FF9-785782C50029}
		{6F14478B-5407-421F-96EB-DA2F2C41C0C0} = {85841D3C-17F4-4EF9-BFA5-D72D0FEEB08E}
		{5409CBF0-3414-4509-B8E2-4B2DA6F47167} = {64458BD5-E8B7-4AE2-8FF9-785782C50029}
		{62D1289D-74CE-48FB-9595-E91B6E85F54D} = {AEB2DAC8-4561-44FE-998E-675415DE5A0A}
		{63339477-4A3A-4361-8EC1-3976CEC12AAB} = {02EA681E-C7D8-13C7-8484-4AC65E1B71E8}
	EndGlobalSection
	GlobalSection(ExtensibilityGlobals) = postSolution
		SolutionGuid = {AE2AE31D-AB9D-4DF7-942F-C7F5ED586454}
	EndGlobalSection
EndGlobal
